// !$*UTF8*$!
{
	archiveVersion = 1;
	classes = {
	};
	objectVersion = 50;
	objects = {

/* Begin PBXBuildFile section */
		3D4F8828209AD24200603F7A /* BullTipsView.m in Sources */ = {isa = PBXBuildFile; fileRef = 3D4F8827209AD24200603F7A /* BullTipsView.m */; };
		3DD57D842099B12A006A7885 /* AppDelegate.m in Sources */ = {isa = PBXBuildFile; fileRef = 3DD57D832099B12A006A7885 /* AppDelegate.m */; };
		3DD57D872099B12A006A7885 /* ViewController.m in Sources */ = {isa = PBXBuildFile; fileRef = 3DD57D862099B12A006A7885 /* ViewController.m */; };
		3DD57D8A2099B12A006A7885 /* Main.storyboard in Resources */ = {isa = PBXBuildFile; fileRef = 3DD57D882099B12A006A7885 /* Main.storyboard */; };
		3DD57D8C2099B131006A7885 /* Assets.xcassets in Resources */ = {isa = PBXBuildFile; fileRef = 3DD57D8B2099B131006A7885 /* Assets.xcassets */; };
		3DD57D8F2099B131006A7885 /* LaunchScreen.storyboard in Resources */ = {isa = PBXBuildFile; fileRef = 3DD57D8D2099B131006A7885 /* LaunchScreen.storyboard */; };
		3DD57D922099B131006A7885 /* main.m in Sources */ = {isa = PBXBuildFile; fileRef = 3DD57D912099B131006A7885 /* main.m */; };
		3DD57D9C2099B131006A7885 /* GDPickerViewTests.m in Sources */ = {isa = PBXBuildFile; fileRef = 3DD57D9B2099B131006A7885 /* GDPickerViewTests.m */; };
		3DD57DA72099B131006A7885 /* GDPickerViewUITests.m in Sources */ = {isa = PBXBuildFile; fileRef = 3DD57DA62099B131006A7885 /* GDPickerViewUITests.m */; };
		3DD57DB62099B1AE006A7885 /* GDDatePickerView.m in Sources */ = {isa = PBXBuildFile; fileRef = 3DD57DB52099B1AE006A7885 /* GDDatePickerView.m */; };
/* End PBXBuildFile section */

/* Begin PBXContainerItemProxy section */
		3DD57D982099B131006A7885 /* PBXContainerItemProxy */ = {
			isa = PBXContainerItemProxy;
			containerPortal = 3DD57D772099B12A006A7885 /* Project object */;
			proxyType = 1;
			remoteGlobalIDString = 3DD57D7E2099B12A006A7885;
			remoteInfo = GDPickerView;
		};
		3DD57DA32099B131006A7885 /* PBXContainerItemProxy */ = {
			isa = PBXContainerItemProxy;
			containerPortal = 3DD57D772099B12A006A7885 /* Project object */;
			proxyType = 1;
			remoteGlobalIDString = 3DD57D7E2099B12A006A7885;
			remoteInfo = GDPickerView;
		};
/* End PBXContainerItemProxy section */

/* Begin PBXFileReference section */
		3D4F8826209AD24200603F7A /* BullTipsView.h */ = {isa = PBXFileReference; lastKnownFileType = sourcecode.c.h; path = BullTipsView.h; sourceTree = "<group>"; };
		3D4F8827209AD24200603F7A /* BullTipsView.m */ = {isa = PBXFileReference; lastKnownFileType = sourcecode.c.objc; path = BullTipsView.m; sourceTree = "<group>"; };
		3DD57D7F2099B12A006A7885 /* GDPickerView.app */ = {isa = PBXFileReference; explicitFileType = wrapper.application; includeInIndex = 0; path = GDPickerView.app; sourceTree = BUILT_PRODUCTS_DIR; };
		3DD57D822099B12A006A7885 /* AppDelegate.h */ = {isa = PBXFileReference; lastKnownFileType = sourcecode.c.h; path = AppDelegate.h; sourceTree = "<group>"; };
		3DD57D832099B12A006A7885 /* AppDelegate.m */ = {isa = PBXFileReference; lastKnownFileType = sourcecode.c.objc; path = AppDelegate.m; sourceTree = "<group>"; };
		3DD57D852099B12A006A7885 /* ViewController.h */ = {isa = PBXFileReference; lastKnownFileType = sourcecode.c.h; path = ViewController.h; sourceTree = "<group>"; };
		3DD57D862099B12A006A7885 /* ViewController.m */ = {isa = PBXFileReference; lastKnownFileType = sourcecode.c.objc; path = ViewController.m; sourceTree = "<group>"; };
		3DD57D892099B12A006A7885 /* Base */ = {isa = PBXFileReference; lastKnownFileType = file.storyboard; name = Base; path = Base.lproj/Main.storyboard; sourceTree = "<group>"; };
		3DD57D8B2099B131006A7885 /* Assets.xcassets */ = {isa = PBXFileReference; lastKnownFileType = folder.assetcatalog; path = Assets.xcassets; sourceTree = "<group>"; };
		3DD57D8E2099B131006A7885 /* Base */ = {isa = PBXFileReference; lastKnownFileType = file.storyboard; name = Base; path = Base.lproj/LaunchScreen.storyboard; sourceTree = "<group>"; };
		3DD57D902099B131006A7885 /* Info.plist */ = {isa = PBXFileReference; lastKnownFileType = text.plist.xml; path = Info.plist; sourceTree = "<group>"; };
		3DD57D912099B131006A7885 /* main.m */ = {isa = PBXFileReference; lastKnownFileType = sourcecode.c.objc; path = main.m; sourceTree = "<group>"; };
		3DD57D972099B131006A7885 /* GDPickerViewTests.xctest */ = {isa = PBXFileReference; explicitFileType = wrapper.cfbundle; includeInIndex = 0; path = GDPickerViewTests.xctest; sourceTree = BUILT_PRODUCTS_DIR; };
		3DD57D9B2099B131006A7885 /* GDPickerViewTests.m */ = {isa = PBXFileReference; lastKnownFileType = sourcecode.c.objc; path = GDPickerViewTests.m; sourceTree = "<group>"; };
		3DD57D9D2099B131006A7885 /* Info.plist */ = {isa = PBXFileReference; lastKnownFileType = text.plist.xml; path = Info.plist; sourceTree = "<group>"; };
		3DD57DA22099B131006A7885 /* GDPickerViewUITests.xctest */ = {isa = PBXFileReference; explicitFileType = wrapper.cfbundle; includeInIndex = 0; path = GDPickerViewUITests.xctest; sourceTree = BUILT_PRODUCTS_DIR; };
		3DD57DA62099B131006A7885 /* GDPickerViewUITests.m */ = {isa = PBXFileReference; lastKnownFileType = sourcecode.c.objc; path = GDPickerViewUITests.m; sourceTree = "<group>"; };
		3DD57DA82099B131006A7885 /* Info.plist */ = {isa = PBXFileReference; lastKnownFileType = text.plist.xml; path = Info.plist; sourceTree = "<group>"; };
		3DD57DB42099B1AE006A7885 /* GDDatePickerView.h */ = {isa = PBXFileReference; lastKnownFileType = sourcecode.c.h; path = GDDatePickerView.h; sourceTree = "<group>"; };
		3DD57DB52099B1AE006A7885 /* GDDatePickerView.m */ = {isa = PBXFileReference; lastKnownFileType = sourcecode.c.objc; path = GDDatePickerView.m; sourceTree = "<group>"; };
/* End PBXFileReference section */

/* Begin PBXFrameworksBuildPhase section */
		3DD57D7C2099B12A006A7885 /* Frameworks */ = {
			isa = PBXFrameworksBuildPhase;
			buildActionMask = 2147483647;
			files = (
			);
			runOnlyForDeploymentPostprocessing = 0;
		};
		3DD57D942099B131006A7885 /* Frameworks */ = {
			isa = PBXFrameworksBuildPhase;
			buildActionMask = 2147483647;
			files = (
			);
			runOnlyForDeploymentPostprocessing = 0;
		};
		3DD57D9F2099B131006A7885 /* Frameworks */ = {
			isa = PBXFrameworksBuildPhase;
			buildActionMask = 2147483647;
			files = (
			);
			runOnlyForDeploymentPostprocessing = 0;
		};
/* End PBXFrameworksBuildPhase section */

/* Begin PBXGroup section */
		3DD57D762099B12A006A7885 = {
			isa = PBXGroup;
			children = (
				3DD57D812099B12A006A7885 /* GDPickerView */,
				3DD57D9A2099B131006A7885 /* GDPickerViewTests */,
				3DD57DA52099B131006A7885 /* GDPickerViewUITests */,
				3DD57D802099B12A006A7885 /* Products */,
			);
			sourceTree = "<group>";
		};
		3DD57D802099B12A006A7885 /* Products */ = {
			isa = PBXGroup;
			children = (
				3DD57D7F2099B12A006A7885 /* GDPickerView.app */,
				3DD57D972099B131006A7885 /* GDPickerViewTests.xctest */,
				3DD57DA22099B131006A7885 /* GDPickerViewUITests.xctest */,
			);
			name = Products;
			sourceTree = "<group>";
		};
		3DD57D812099B12A006A7885 /* GDPickerView */ = {
			isa = PBXGroup;
			children = (
				3DD57D822099B12A006A7885 /* AppDelegate.h */,
				3DD57D832099B12A006A7885 /* AppDelegate.m */,
				3DD57D852099B12A006A7885 /* ViewController.h */,
				3DD57D862099B12A006A7885 /* ViewController.m */,
				3DD57DB42099B1AE006A7885 /* GDDatePickerView.h */,
				3DD57DB52099B1AE006A7885 /* GDDatePickerView.m */,
				3D4F8826209AD24200603F7A /* BullTipsView.h */,
				3D4F8827209AD24200603F7A /* BullTipsView.m */,
				3DD57D882099B12A006A7885 /* Main.storyboard */,
				3DD57D8B2099B131006A7885 /* Assets.xcassets */,
				3DD57D8D2099B131006A7885 /* LaunchScreen.storyboard */,
				3DD57D902099B131006A7885 /* Info.plist */,
				3DD57D912099B131006A7885 /* main.m */,
			);
			path = GDPickerView;
			sourceTree = "<group>";
		};
		3DD57D9A2099B131006A7885 /* GDPickerViewTests */ = {
			isa = PBXGroup;
			children = (
				3DD57D9B2099B131006A7885 /* GDPickerViewTests.m */,
				3DD57D9D2099B131006A7885 /* Info.plist */,
			);
			path = GDPickerViewTests;
			sourceTree = "<group>";
		};
		3DD57DA52099B131006A7885 /* GDPickerViewUITests */ = {
			isa = PBXGroup;
			children = (
				3DD57DA62099B131006A7885 /* GDPickerViewUITests.m */,
				3DD57DA82099B131006A7885 /* Info.plist */,
			);
			path = GDPickerViewUITests;
			sourceTree = "<group>";
		};
/* End PBXGroup section */

/* Begin PBXNativeTarget section */
		3DD57D7E2099B12A006A7885 /* GDPickerView */ = {
			isa = PBXNativeTarget;
			buildConfigurationList = 3DD57DAB2099B131006A7885 /* Build configuration list for PBXNativeTarget "GDPickerView" */;
			buildPhases = (
				3DD57D7B2099B12A006A7885 /* Sources */,
				3DD57D7C2099B12A006A7885 /* Frameworks */,
				3DD57D7D2099B12A006A7885 /* Resources */,
			);
			buildRules = (
			);
			dependencies = (
			);
			name = GDPickerView;
			productName = GDPickerView;
			productReference = 3DD57D7F2099B12A006A7885 /* GDPickerView.app */;
			productType = "com.apple.product-type.application";
		};
		3DD57D962099B131006A7885 /* GDPickerViewTests */ = {
			isa = PBXNativeTarget;
			buildConfigurationList = 3DD57DAE2099B131006A7885 /* Build configuration list for PBXNativeTarget "GDPickerViewTests" */;
			buildPhases = (
				3DD57D932099B131006A7885 /* Sources */,
				3DD57D942099B131006A7885 /* Frameworks */,
				3DD57D952099B131006A7885 /* Resources */,
			);
			buildRules = (
			);
			dependencies = (
				3DD57D992099B131006A7885 /* PBXTargetDependency */,
			);
			name = GDPickerViewTests;
			productName = GDPickerViewTests;
			productReference = 3DD57D972099B131006A7885 /* GDPickerViewTests.xctest */;
			productType = "com.apple.product-type.bundle.unit-test";
		};
		3DD57DA12099B131006A7885 /* GDPickerViewUITests */ = {
			isa = PBXNativeTarget;
			buildConfigurationList = 3DD57DB12099B131006A7885 /* Build configuration list for PBXNativeTarget "GDPickerViewUITests" */;
			buildPhases = (
				3DD57D9E2099B131006A7885 /* Sources */,
				3DD57D9F2099B131006A7885 /* Frameworks */,
				3DD57DA02099B131006A7885 /* Resources */,
			);
			buildRules = (
			);
			dependencies = (
				3DD57DA42099B131006A7885 /* PBXTargetDependency */,
			);
			name = GDPickerViewUITests;
			productName = GDPickerViewUITests;
			productReference = 3DD57DA22099B131006A7885 /* GDPickerViewUITests.xctest */;
			productType = "com.apple.product-type.bundle.ui-testing";
		};
/* End PBXNativeTarget section */

/* Begin PBXProject section */
		3DD57D772099B12A006A7885 /* Project object */ = {
			isa = PBXProject;
			attributes = {
				LastUpgradeCheck = 0930;
				ORGANIZATIONNAME = DouNiu;
				TargetAttributes = {
					3DD57D7E2099B12A006A7885 = {
						CreatedOnToolsVersion = 9.3;
					};
					3DD57D962099B131006A7885 = {
						CreatedOnToolsVersion = 9.3;
						TestTargetID = 3DD57D7E2099B12A006A7885;
					};
					3DD57DA12099B131006A7885 = {
						CreatedOnToolsVersion = 9.3;
						TestTargetID = 3DD57D7E2099B12A006A7885;
					};
				};
			};
			buildConfigurationList = 3DD57D7A2099B12A006A7885 /* Build configuration list for PBXProject "GDPickerView" */;
			compatibilityVersion = "Xcode 9.3";
			developmentRegion = en;
			hasScannedForEncodings = 0;
			knownRegions = (
				en,
				Base,
			);
			mainGroup = 3DD57D762099B12A006A7885;
			productRefGroup = 3DD57D802099B12A006A7885 /* Products */;
			projectDirPath = "";
			projectRoot = "";
			targets = (
				3DD57D7E2099B12A006A7885 /* GDPickerView */,
				3DD57D962099B131006A7885 /* GDPickerViewTests */,
				3DD57DA12099B131006A7885 /* GDPickerViewUITests */,
			);
		};
/* End PBXProject section */

/* Begin PBXResourcesBuildPhase section */
		3DD57D7D2099B12A006A7885 /* Resources */ = {
			isa = PBXResourcesBuildPhase;
			buildActionMask = 2147483647;
			files = (
				3DD57D8F2099B131006A7885 /* LaunchScreen.storyboard in Resources */,
				3DD57D8C2099B131006A7885 /* Assets.xcassets in Resources */,
				3DD57D8A2099B12A006A7885 /* Main.storyboard in Resources */,
			);
			runOnlyForDeploymentPostprocessing = 0;
		};
		3DD57D952099B131006A7885 /* Resources */ = {
			isa = PBXResourcesBuildPhase;
			buildActionMask = 2147483647;
			files = (
			);
			runOnlyForDeploymentPostprocessing = 0;
		};
		3DD57DA02099B131006A7885 /* Resources */ = {
			isa = PBXResourcesBuildPhase;
			buildActionMask = 2147483647;
			files = (
			);
			runOnlyForDeploymentPostprocessing = 0;
		};
/* End PBXResourcesBuildPhase section */

/* Begin PBXSourcesBuildPhase section */
		3DD57D7B2099B12A006A7885 /* Sources */ = {
			isa = PBXSourcesBuildPhase;
			buildActionMask = 2147483647;
			files = (
				3DD57D872099B12A006A7885 /* ViewController.m in Sources */,
				3DD57D922099B131006A7885 /* main.m in Sources */,
				3DD57D842099B12A006A7885 /* AppDelegate.m in Sources */,
				3DD57DB62099B1AE006A7885 /* GDDatePickerView.m in Sources */,
				3D4F8828209AD24200603F7A /* BullTipsView.m in Sources */,
			);
			runOnlyForDeploymentPostprocessing = 0;
		};
		3DD57D932099B131006A7885 /* Sources */ = {
			isa = PBXSourcesBuildPhase;
			buildActionMask = 2147483647;
			files = (
				3DD57D9C2099B131006A7885 /* GDPickerViewTests.m in Sources */,
			);
			runOnlyForDeploymentPostprocessing = 0;
		};
		3DD57D9E2099B131006A7885 /* Sources */ = {
			isa = PBXSourcesBuildPhase;
			buildActionMask = 2147483647;
			files = (
				3DD57DA72099B131006A7885 /* GDPickerViewUITests.m in Sources */,
			);
			runOnlyForDeploymentPostprocessing = 0;
		};
/* End PBXSourcesBuildPhase section */

/* Begin PBXTargetDependency section */
		3DD57D992099B131006A7885 /* PBXTargetDependency */ = {
			isa = PBXTargetDependency;
			target = 3DD57D7E2099B12A006A7885 /* GDPickerView */;
			targetProxy = 3DD57D982099B131006A7885 /* PBXContainerItemProxy */;
		};
		3DD57DA42099B131006A7885 /* PBXTargetDependency */ = {
			isa = PBXTargetDependency;
			target = 3DD57D7E2099B12A006A7885 /* GDPickerView */;
			targetProxy = 3DD57DA32099B131006A7885 /* PBXContainerItemProxy */;
		};
/* End PBXTargetDependency section */

/* Begin PBXVariantGroup section */
		3DD57D882099B12A006A7885 /* Main.storyboard */ = {
			isa = PBXVariantGroup;
			children = (
				3DD57D892099B12A006A7885 /* Base */,
			);
			name = Main.storyboard;
			sourceTree = "<group>";
		};
		3DD57D8D2099B131006A7885 /* LaunchScreen.storyboard */ = {
			isa = PBXVariantGroup;
			children = (
				3DD57D8E2099B131006A7885 /* Base */,
			);
			name = LaunchScreen.storyboard;
			sourceTree = "<group>";
		};
/* End PBXVariantGroup section */

/* Begin XCBuildConfiguration section */
		3DD57DA92099B131006A7885 /* Debug */ = {
			isa = XCBuildConfiguration;
			buildSettings = {
				ALWAYS_SEARCH_USER_PATHS = NO;
				CLANG_ANALYZER_NONNULL = YES;
				CLANG_ANALYZER_NUMBER_OBJECT_CONVERSION = YES_AGGRESSIVE;
				CLANG_CXX_LANGUAGE_STANDARD = "gnu++14";
				CLANG_CXX_LIBRARY = "libc++";
				CLANG_ENABLE_MODULES = YES;
				CLANG_ENABLE_OBJC_ARC = YES;
				CLANG_ENABLE_OBJC_WEAK = YES;
				CLANG_WARN_BLOCK_CAPTURE_AUTORELEASING = YES;
				CLANG_WARN_BOOL_CONVERSION = YES;
				CLANG_WARN_COMMA = YES;
				CLANG_WARN_CONSTANT_CONVERSION = YES;
				CLANG_WARN_DEPRECATED_OBJC_IMPLEMENTATIONS = YES;
				CLANG_WARN_DIRECT_OBJC_ISA_USAGE = YES_ERROR;
				CLANG_WARN_DOCUMENTATION_COMMENTS = YES;
				CLANG_WARN_EMPTY_BODY = YES;
				CLANG_WARN_ENUM_CONVERSION = YES;
				CLANG_WARN_INFINITE_RECURSION = YES;
				CLANG_WARN_INT_CONVERSION = YES;
				CLANG_WARN_NON_LITERAL_NULL_CONVERSION = YES;
				CLANG_WARN_OBJC_IMPLICIT_RETAIN_SELF = YES;
				CLANG_WARN_OBJC_LITERAL_CONVERSION = YES;
				CLANG_WARN_OBJC_ROOT_CLASS = YES_ERROR;
				CLANG_WARN_RANGE_LOOP_ANALYSIS = YES;
				CLANG_WARN_STRICT_PROTOTYPES = YES;
				CLANG_WARN_SUSPICIOUS_MOVE = YES;
				CLANG_WARN_UNGUARDED_AVAILABILITY = YES_AGGRESSIVE;
				CLANG_WARN_UNREACHABLE_CODE = YES;
				CLANG_WARN__DUPLICATE_METHOD_MATCH = YES;
				CODE_SIGN_IDENTITY = "iPhone Developer";
				COPY_PHASE_STRIP = NO;
				DEBUG_INFORMATION_FORMAT = dwarf;
				ENABLE_STRICT_OBJC_MSGSEND = YES;
				ENABLE_TESTABILITY = YES;
				GCC_C_LANGUAGE_STANDARD = gnu11;
				GCC_DYNAMIC_NO_PIC = NO;
				GCC_NO_COMMON_BLOCKS = YES;
				GCC_OPTIMIZATION_LEVEL = 0;
				GCC_PREPROCESSOR_DEFINITIONS = (
					"DEBUG=1",
					"$(inherited)",
				);
				GCC_WARN_64_TO_32_BIT_CONVERSION = YES;
				GCC_WARN_ABOUT_RETURN_TYPE = YES_ERROR;
				GCC_WARN_UNDECLARED_SELECTOR = YES;
				GCC_WARN_UNINITIALIZED_AUTOS = YES_AGGRESSIVE;
				GCC_WARN_UNUSED_FUNCTION = YES;
				GCC_WARN_UNUSED_VARIABLE = YES;
				IPHONEOS_DEPLOYMENT_TARGET = 11.3;
				MTL_ENABLE_DEBUG_INFO = YES;
				ONLY_ACTIVE_ARCH = YES;
				SDKROOT = iphoneos;
			};
			name = Debug;
		};
		3DD57DAA2099B131006A7885 /* Release */ = {
			isa = XCBuildConfiguration;
			buildSettings = {
				ALWAYS_SEARCH_USER_PATHS = NO;
				CLANG_ANALYZER_NONNULL = YES;
				CLANG_ANALYZER_NUMBER_OBJECT_CONVERSION = YES_AGGRESSIVE;
				CLANG_CXX_LANGUAGE_STANDARD = "gnu++14";
				CLANG_CXX_LIBRARY = "libc++";
				CLANG_ENABLE_MODULES = YES;
				CLANG_ENABLE_OBJC_ARC = YES;
				CLANG_ENABLE_OBJC_WEAK = YES;
				CLANG_WARN_BLOCK_CAPTURE_AUTORELEASING = YES;
				CLANG_WARN_BOOL_CONVERSION = YES;
				CLANG_WARN_COMMA = YES;
				CLANG_WARN_CONSTANT_CONVERSION = YES;
				CLANG_WARN_DEPRECATED_OBJC_IMPLEMENTATIONS = YES;
				CLANG_WARN_DIRECT_OBJC_ISA_USAGE = YES_ERROR;
				CLANG_WARN_DOCUMENTATION_COMMENTS = YES;
				CLANG_WARN_EMPTY_BODY = YES;
				CLANG_WARN_ENUM_CONVERSION = YES;
				CLANG_WARN_INFINITE_RECURSION = YES;
				CLANG_WARN_INT_CONVERSION = YES;
				CLANG_WARN_NON_LITERAL_NULL_CONVERSION = YES;
				CLANG_WARN_OBJC_IMPLICIT_RETAIN_SELF = YES;
				CLANG_WARN_OBJC_LITERAL_CONVERSION = YES;
				CLANG_WARN_OBJC_ROOT_CLASS = YES_ERROR;
				CLANG_WARN_RANGE_LOOP_ANALYSIS = YES;
				CLANG_WARN_STRICT_PROTOTYPES = YES;
				CLANG_WARN_SUSPICIOUS_MOVE = YES;
				CLANG_WARN_UNGUARDED_AVAILABILITY = YES_AGGRESSIVE;
				CLANG_WARN_UNREACHABLE_CODE = YES;
				CLANG_WARN__DUPLICATE_METHOD_MATCH = YES;
				CODE_SIGN_IDENTITY = "iPhone Developer";
				COPY_PHASE_STRIP = NO;
				DEBUG_INFORMATION_FORMAT = "dwarf-with-dsym";
				ENABLE_NS_ASSERTIONS = NO;
				ENABLE_STRICT_OBJC_MSGSEND = YES;
				GCC_C_LANGUAGE_STANDARD = gnu11;
				GCC_NO_COMMON_BLOCKS = YES;
				GCC_WARN_64_TO_32_BIT_CONVERSION = YES;
				GCC_WARN_ABOUT_RETURN_TYPE = YES_ERROR;
				GCC_WARN_UNDECLARED_SELECTOR = YES;
				GCC_WARN_UNINITIALIZED_AUTOS = YES_AGGRESSIVE;
				GCC_WARN_UNUSED_FUNCTION = YES;
				GCC_WARN_UNUSED_VARIABLE = YES;
				IPHONEOS_DEPLOYMENT_TARGET = 11.3;
				MTL_ENABLE_DEBUG_INFO = NO;
				SDKROOT = iphoneos;
				VALIDATE_PRODUCT = YES;
			};
			name = Release;
		};
		3DD57DAC2099B131006A7885 /* Debug */ = {
			isa = XCBuildConfiguration;
			buildSettings = {
				ASSETCATALOG_COMPILER_APPICON_NAME = AppIcon;
				CODE_SIGN_STYLE = Automatic;
				DEVELOPMENT_TEAM = 9KAE53J4GG;
				INFOPLIST_FILE = GDPickerView/Info.plist;
				IPHONEOS_DEPLOYMENT_TARGET = 10.0;
				LD_RUNPATH_SEARCH_PATHS = (
					"$(inherited)",
					"@executable_path/Frameworks",
				);
				PRODUCT_BUNDLE_IDENTIFIER = com.test.GDPickerView;
				PRODUCT_NAME = "$(TARGET_NAME)";
				TARGETED_DEVICE_FAMILY = "1,2";
			};
			name = Debug;
		};
		3DD57DAD2099B131006A7885 /* Release */ = {
			isa = XCBuildConfiguration;
			buildSettings = {
				ASSETCATALOG_COMPILER_APPICON_NAME = AppIcon;
				CODE_SIGN_STYLE = Automatic;
				DEVELOPMENT_TEAM = 9KAE53J4GG;
				INFOPLIST_FILE = GDPickerView/Info.plist;
				IPHONEOS_DEPLOYMENT_TARGET = 10.0;
				LD_RUNPATH_SEARCH_PATHS = (
					"$(inherited)",
					"@executable_path/Frameworks",
				);
				PRODUCT_BUNDLE_IDENTIFIER = com.test.GDPickerView;
				PRODUCT_NAME = "$(TARGET_NAME)";
				TARGETED_DEVICE_FAMILY = "1,2";
			};
			name = Release;
		};
		3DD57DAF2099B131006A7885 /* Debug */ = {
			isa = XCBuildConfiguration;
			buildSettings = {
				BUNDLE_LOADER = "$(TEST_HOST)";
				CODE_SIGN_STYLE = Automatic;
				INFOPLIST_FILE = GDPickerViewTests/Info.plist;
				LD_RUNPATH_SEARCH_PATHS = (
					"$(inherited)",
					"@executable_path/Frameworks",
					"@loader_path/Frameworks",
				);
				PRODUCT_BUNDLE_IDENTIFIER = com.test.GDPickerViewTests;
				PRODUCT_NAME = "$(TARGET_NAME)";
				TARGETED_DEVICE_FAMILY = "1,2";
				TEST_HOST = "$(BUILT_PRODUCTS_DIR)/GDPickerView.app/GDPickerView";
			};
			name = Debug;
		};
		3DD57DB02099B131006A7885 /* Release */ = {
			isa = XCBuildConfiguration;
			buildSettings = {
				BUNDLE_LOADER = "$(TEST_HOST)";
				CODE_SIGN_STYLE = Automatic;
				INFOPLIST_FILE = GDPickerViewTests/Info.plist;
				LD_RUNPATH_SEARCH_PATHS = (
					"$(inherited)",
					"@executable_path/Frameworks",
					"@loader_path/Frameworks",
				);
				PRODUCT_BUNDLE_IDENTIFIER = com.test.GDPickerViewTests;
				PRODUCT_NAME = "$(TARGET_NAME)";
				TARGETED_DEVICE_FAMILY = "1,2";
				TEST_HOST = "$(BUILT_PRODUCTS_DIR)/GDPickerView.app/GDPickerView";
			};
			name = Release;
		};
		3DD57DB22099B131006A7885 /* Debug */ = {
			isa = XCBuildConfiguration;
			buildSettings = {
				CODE_SIGN_STYLE = Automatic;
				INFOPLIST_FILE = GDPickerViewUITests/Info.plist;
				LD_RUNPATH_SEARCH_PATHS = (
					"$(inherited)",
					"@executable_path/Frameworks",
					"@loader_path/Frameworks",
				);
				PRODUCT_BUNDLE_IDENTIFIER = com.test.GDPickerViewUITests;
				PRODUCT_NAME = "$(TARGET_NAME)";
				TARGETED_DEVICE_FAMILY = "1,2";
				TEST_TARGET_NAME = GDPickerView;
			};
			name = Debug;
		};
		3DD57DB32099B131006A7885 /* Release */ = {
			isa = XCBuildConfiguration;
			buildSettings = {
				CODE_SIGN_STYLE = Automatic;
				INFOPLIST_FILE = GDPickerViewUITests/Info.plist;
				LD_RUNPATH_SEARCH_PATHS = (
					"$(inherited)",
					"@executable_path/Frameworks",
					"@loader_path/Frameworks",
				);
				PRODUCT_BUNDLE_IDENTIFIER = com.test.GDPickerViewUITests;
				PRODUCT_NAME = "$(TARGET_NAME)";
				TARGETED_DEVICE_FAMILY = "1,2";
				TEST_TARGET_NAME = GDPickerView;
			};
			name = Release;
		};
/* End XCBuildConfiguration section */

/* Begin XCConfigurationList section */
		3DD57D7A2099B12A006A7885 /* Build configuration list for PBXProject "GDPickerView" */ = {
			isa = XCConfigurationList;
			buildConfigurations = (
				3DD57DA92099B131006A7885 /* Debug */,
				3DD57DAA2099B131006A7885 /* Release */,
			);
			defaultConfigurationIsVisible = 0;
			defaultConfigurationName = Release;
		};
		3DD57DAB2099B131006A7885 /* Build configuration list for PBXNativeTarget "GDPickerView" */ = {
			isa = XCConfigurationList;
			buildConfigurations = (
				3DD57DAC2099B131006A7885 /* Debug */,
				3DD57DAD2099B131006A7885 /* Release */,
			);
			defaultConfigurationIsVisible = 0;
			defaultConfigurationName = Release;
		};
		3DD57DAE2099B131006A7885 /* Build configuration list for PBXNativeTarget "GDPickerViewTests" */ = {
			isa = XCConfigurationList;
			buildConfigurations = (
				3DD57DAF2099B131006A7885 /* Debug */,
				3DD57DB02099B131006A7885 /* Release */,
			);
			defaultConfigurationIsVisible = 0;
			defaultConfigurationName = Release;
		};
		3DD57DB12099B131006A7885 /* Build configuration list for PBXNativeTarget "GDPickerViewUITests" */ = {
			isa = XCConfigurationList;
			buildConfigurations = (
				3DD57DB22099B131006A7885 /* Debug */,
				3DD57DB32099B131006A7885 /* Release */,
			);
			defaultConfigurationIsVisible = 0;
			defaultConfigurationName = Release;
		};
/* End XCConfigurationList section */
	};
	rootObject = 3DD57D772099B12A006A7885 /* Project object */;
}
